
Microsoft Visual Studio Solution File, Format Version 12.00
# Visual Studio Version 17
VisualStudioVersion = 17.5.33424.131
MinimumVisualStudioVersion = 10.0.40219.1
Project("{FAE04EC0-301F-11D3-BF4B-00C04F79EFBC}") = "LostNinja", "LostNinja\LostNinja.csproj", "{4CF1F848-A689-4B90-A2F9-1F4E3BBB8CCD}"
EndProject
Global
	GlobalSection(SolutionConfigurationPlatforms) = preSolution
		Debug|Any CPU = Debug|Any CPU
		Release|Any CPU = Release|Any CPU
	EndGlobalSection
	GlobalSection(ProjectConfigurationPlatforms) = postSolution
		{4CF1F848-A689-4B90-A2F9-1F4E3BBB8CCD}.Debug|Any CPU.ActiveCfg = Debug|Any CPU
		{4CF1F848-A689-4B90-A2F9-1F4E3BBB8CCD}.Debug|Any CPU.Build.0 = Debug|Any CPU
		{4CF1F848-A689-4B90-A2F9-1F4E3BBB8CCD}.Release|Any CPU.ActiveCfg = Release|Any CPU
		{4CF1F848-A689-4B90-A2F9-1F4E3BBB8CCD}.Release|Any CPU.Build.0 = Release|Any CPU
	EndGlobalSection
	GlobalSection(SolutionProperties) = preSolution
		HideSolutionNode = FALSE
	EndGlobalSection
	GlobalSection(ExtensibilityGlobals) = postSolution
		SolutionGuid = {9B6ADC00-F682-43CB-939E-2C8AFF85283C}
	EndGlobalSection
EndGlobal
